
Microsoft Visual Studio Solution File, Format Version 12.00
# Visual Studio Version 18
VisualStudioVersion = 18.9.12105.275
MinimumVisualStudioVersion = 10.0.40219.1
Project("{8BC9CEB8-8B4A-11D0-8D11-00A0C91BC942}") = "00_array", "00_array\00_array.vcxproj", "{65426FE3-1417-4577-B9D6-B860C60766AB}"
EndProject
Project("{8BC9CEB8-8B4A-11D0-8D11-00A0C91BC942}") = "01_list", "01_list\01_list.vcxproj", "{17129CF0-0197-4A63-9695-6C796DB93ED7}"
EndProject
Project("{8BC9CEB8-8B4A-11D0-8D11-00A0C91BC942}") = "02_stack", "02_stack\02_stack.vcxproj", "{4B870FE9-29B0-42AB-A977-C268A886DD9E}"
EndProject
Project("{8BC9CEB8-8B4A-11D0-8D11-00A0C91BC942}") = "03_queue", "03_queue\03_queue.vcxproj", "{B3EE3B85-E861-4936-896C-0B91F12BF4EF}"
EndProject
Project("{8BC9CEB8-8B4A-11D0-8D11-00A0C91BC942}") = "04_deque", "04_deque\04_deque.vcxproj", "{8F495503-88B8-476C-8EA1-2B79B02BB2B5}"
EndProject
Project("{8BC9CEB8-8B4A-11D0-8D11-00A0C91BC942}") = "05_binary_tree", "05_binary_tree\05_binary_tree.vcxproj", "{6FB77440-CCF8-4715-8E89-233ECB393D8E}"
EndProject
Project("{8BC9CEB8-8B4A-11D0-8D11-00A0C91BC942}") = "06_search_tree", "06_search_tree\06_search_tree.vcxproj", "{3D0984C9-F28D-4173-A080-F9BBB697E28A}"
EndProject
Project("{8BC9CEB8-8B4A-11D0-8D11-00A0C91BC942}") = "07_heap", "07_heap\07_heap.vcxproj", "{9E2E1575-AB57-4B63-B493-97772135DB65}"
EndProject
Project("{8BC9CEB8-8B4A-11D0-8D11-00A0C91BC942}") = "etc", "etc\etc.vcxproj", "{7BB69846-D080-471D-83B9-0FEB25C6FC17}"
EndProject
Project("{8BC9CEB8-8B4A-11D0-8D11-00A0C91BC942}") = "disjoint_set", "disjoint_set\disjoint_set.vcxproj", "{A9C581AD-BEFE-4773-A0CA-85D3A35D3362}"
EndProject
Project("{8BC9CEB8-8B4A-11D0-8D11-00A0C91BC942}") = "unordered_set_map", "unordered_set_map\unordered_set_map.vcxproj", "{421830ED-F794-4C33-9FA2-933FEC5BBD44}"
EndProject
Project("{8BC9CEB8-8B4A-11D0-8D11-00A0C91BC942}") = "08_sorting_algorithm", "08_sorting_algorithm\08_sorting_algorithm.vcxproj", "{B8F126CB-7B7F-4DCF-9B93-1C0F02D51F21}"
EndProject
Project("{8BC9CEB8-8B4A-11D0-8D11-00A0C91BC942}") = "09_hash_table", "09_hash_table\09_hash_table.vcxproj", "{036BA3C8-1880-4A6A-86F2-F0A4A72BC632}"
EndProject
Global
	GlobalSection(SolutionConfigurationPlatforms) = preSolution
		Debug|x64 = Debug|x64
		Debug|x86 = Debug|x86
		Release|x64 = Release|x64
		Release|x86 = Release|x86
	EndGlobalSection
	GlobalSection(ProjectConfigurationPlatforms) = postSolution
		{65426FE3-1417-4577-B9D6-B860C60766AB}.Debug|x64.ActiveCfg = Debug|x64
		{65426FE3-1417-4577-B9D6-B860C60766AB}.Debug|x64.Build.0 = Debug|x64
		{65426FE3-1417-4577-B9D6-B860C60766AB}.Debug|x86.ActiveCfg = Debug|Win32
		{65426FE3-1417-4577-B9D6-B860C60766AB}.Debug|x86.Build.0 = Debug|Win32
		{65426FE3-1417-4577-B9D6-B860C60766AB}.Release|x64.ActiveCfg = Release|x64
		{65426FE3-1417-4577-B9D6-B860C60766AB}.Release|x64.Build.0 = Release|x64
		{65426FE3-1417-4577-B9D6-B860C60766AB}.Release|x86.ActiveCfg = Release|Win32
		{65426FE3-1417-4577-B9D6-B860C60766AB}.Release|x86.Build.0 = Release|Win32
		{17129CF0-0197-4A63-9695-6C796DB93ED7}.Debug|x64.ActiveCfg = Debug|x64
		{17129CF0-0197-4A63-9695-6C796DB93ED7}.Debug|x64.Build.0 = Debug|x64
		{17129CF0-0197-4A63-9695-6C796DB93ED7}.Debug|x86.ActiveCfg = Debug|Win32
		{17129CF0-0197-4A63-9695-6C796DB93ED7}.Debug|x86.Build.0 = Debug|Win32
		{17129CF0-0197-4A63-9695-6C796DB93ED7}.Release|x64.ActiveCfg = Release|x64
		{17129CF0-0197-4A63-9695-6C796DB93ED7}.Release|x64.Build.0 = Release|x64
		{17129CF0-0197-4A63-9695-6C796DB93ED7}.Release|x86.ActiveCfg = Release|Win32
		{17129CF0-0197-4A63-9695-6C796DB93ED7}.Release|x86.Build.0 = Release|Win32
		{4B870FE9-29B0-42AB-A977-C268A886DD9E}.Debug|x64.ActiveCfg = Debug|x64
		{4B870FE9-29B0-42AB-A977-C268A886DD9E}.Debug|x64.Build.0 = Debug|x64
		{4B870FE9-29B0-42AB-A977-C268A886DD9E}.Debug|x86.ActiveCfg = Debug|Win32
		{4B870FE9-29B0-42AB-A977-C268A886DD9E}.Debug|x86.Build.0 = Debug|Win32
		{4B870FE9-29B0-42AB-A977-C268A886DD9E}.Release|x64.ActiveCfg = Release|x64
		{4B870FE9-29B0-42AB-A977-C268A886DD9E}.Release|x64.Build.0 = Release|x64
		{4B870FE9-29B0-42AB-A977-C268A886DD9E}.Release|x86.ActiveCfg = Release|Win32
		{4B870FE9-29B0-42AB-A977-C268A886DD9E}.Release|x86.Build.0 = Release|Win32
		{B3EE3B85-E861-4936-896C-0B91F12BF4EF}.Debug|x64.ActiveCfg = Debug|x64
		{B3EE3B85-E861-4936-896C-0B91F12BF4EF}.Debug|x64.Build.0 = Debug|x64
		{B3EE3B85-E861-4936-896C-0B91F12BF4EF}.Debug|x86.ActiveCfg = Debug|Win32
		{B3EE3B85-E861-4936-896C-0B91F12BF4EF}.Debug|x86.Build.0 = Debug|Win32
		{B3EE3B85-E861-4936-896C-0B91F12BF4EF}.Release|x64.ActiveCfg = Release|x64
		{B3EE3B85-E861-4936-896C-0B91F12BF4EF}.Release|x64.Build.0 = Release|x64
		{B3EE3B85-E861-4936-896C-0B91F12BF4EF}.Release|x86.ActiveCfg = Release|Win32
		{B3EE3B85-E861-4936-896C-0B91F12BF4EF}.Release|x86.Build.0 = Release|Win32
		{8F495503-88B8-476C-8EA1-2B79B02BB2B5}.Debug|x64.ActiveCfg = Debug|x64
		{8F495503-88B8-476C-8EA1-2B79B02BB2B5}.Debug|x64.Build.0 = Debug|x64
		{8F495503-88B8-476C-8EA1-2B79B02BB2B5}.Debug|x86.ActiveCfg = Debug|Win32
		{8F495503-88B8-476C-8EA1-2B79B02BB2B5}.Debug|x86.Build.0 = Debug|Win32
		{8F495503-88B8-476C-8EA1-2B79B02BB2B5}.Release|x64.ActiveCfg = Release|x64
		{8F495503-88B8-476C-8EA1-2B79B02BB2B5}.Release|x64.Build.0 = Release|x64
		{8F495503-88B8-476C-8EA1-2B79B02BB2B5}.Release|x86.ActiveCfg = Release|Win32
		{8F495503-88B8-476C-8EA1-2B79B02BB2B5}.Release|x86.Build.0 = Release|Win32
		{6FB77440-CCF8-4715-8E89-233ECB393D8E}.Debug|x64.ActiveCfg = Debug|x64
		{6FB77440-CCF8-4715-8E89-233ECB393D8E}.Debug|x64.Build.0 = Debug|x64
		{6FB77440-CCF8-4715-8E89-233ECB393D8E}.Debug|x86.ActiveCfg = Debug|Win32
		{6FB77440-CCF8-4715-8E89-233ECB393D8E}.Debug|x86.Build.0 = Debug|Win32
		{6FB77440-CCF8-4715-8E89-233ECB393D8E}.Release|x64.ActiveCfg = Release|x64
		{6FB77440-CCF8-4715-8E89-233ECB393D8E}.Release|x64.Build.0 = Release|x64
		{6FB77440-CCF8-4715-8E89-233ECB393D8E}.Release|x86.ActiveCfg = Release|Win32
		{6FB77440-CCF8-4715-8E89-233ECB393D8E}.Release|x86.Build.0 = Release|Win32
		{3D0984C9-F28D-4173-A080-F9BBB697E28A}.Debug|x64.ActiveCfg = Debug|x64
		{3D0984C9-F28D-4173-A080-F9BBB697E28A}.Debug|x64.Build.0 = Debug|x64
		{3D0984C9-F28D-4173-A080-F9BBB697E28A}.Debug|x86.ActiveCfg = Debug|Win32
		{3D0984C9-F28D-4173-A080-F9BBB697E28A}.Debug|x86.Build.0 = Debug|Win32
		{3D0984C9-F28D-4173-A080-F9BBB697E28A}.Release|x64.ActiveCfg = Release|x64
		{3D0984C9-F28D-4173-A080-F9BBB697E28A}.Release|x64.Build.0 = Release|x64
		{3D0984C9-F28D-4173-A080-F9BBB697E28A}.Release|x86.ActiveCfg = Release|Win32
		{3D0984C9-F28D-4173-A080-F9BBB697E28A}.Release|x86.Build.0 = Release|Win32
		{9E2E1575-AB57-4B63-B493-97772135DB65}.Debug|x64.ActiveCfg = Debug|x64
		{9E2E1575-AB57-4B63-B493-97772135DB65}.Debug|x64.Build.0 = Debug|x64
		{9E2E1575-AB57-4B63-B493-97772135DB65}.Debug|x86.ActiveCfg = Debug|Win32
		{9E2E1575-AB57-4B63-B493-97772135DB65}.Debug|x86.Build.0 = Debug|Win32
		{9E2E1575-AB57-4B63-B493-97772135DB65}.Release|x64.ActiveCfg = Release|x64
		{9E2E1575-AB57-4B63-B493-97772135DB65}.Release|x64.Build.0 = Release|x64
		{9E2E1575-AB57-4B63-B493-97772135DB65}.Release|x86.ActiveCfg = Release|Win32
		{9E2E1575-AB57-4B63-B493-97772135DB65}.Release|x86.Build.0 = Release|Win32
		{7BB69846-D080-471D-83B9-0FEB25C6FC17}.Debug|x64.ActiveCfg = Debug|x64
		{7BB69846-D080-471D-83B9-0FEB25C6FC17}.Debug|x64.Build.0 = Debug|x64
		{7BB69846-D080-471D-83B9-0FEB25C6FC17}.Debug|x86.ActiveCfg = Debug|Win32
		{7BB69846-D080-471D-83B9-0FEB25C6FC17}.Debug|x86.Build.0 = Debug|Win32
		{7BB69846-D080-471D-83B9-0FEB25C6FC17}.Release|x64.ActiveCfg = Release|x64
		{7BB69846-D080-471D-83B9-0FEB25C6FC17}.Release|x64.Build.0 = Release|x64
		{7BB69846-D080-471D-83B9-0FEB25C6FC17}.Release|x86.ActiveCfg = Release|Win32
		{7BB69846-D080-471D-83B9-0FEB25C6FC17}.Release|x86.Build.0 = Release|Win32
		{A9C581AD-BEFE-4773-A0CA-85D3A35D3362}.Debug|x64.ActiveCfg = Debug|x64
		{A9C581AD-BEFE-4773-A0CA-85D3A35D3362}.Debug|x64.Build.0 = Debug|x64
		{A9C581AD-BEFE-4773-A0CA-85D3A35D3362}.Debug|x86.ActiveCfg = Debug|Win32
		{A9C581AD-BEFE-4773-A0CA-85D3A35D3362}.Debug|x86.Build.0 = Debug|Win32
		{A9C581AD-BEFE-4773-A0CA-85D3A35D3362}.Release|x64.ActiveCfg = Release|x64
		{A9C581AD-BEFE-4773-A0CA-85D3A35D3362}.Release|x64.Build.0 = Release|x64
		{A9C581AD-BEFE-4773-A0CA-85D3A35D3362}.Release|x86.ActiveCfg = Release|Win32
		{A9C581AD-BEFE-4773-A0CA-85D3A35D3362}.Release|x86.Build.0 = Release|Win32
		{421830ED-F794-4C33-9FA2-933FEC5BBD44}.Debug|x64.ActiveCfg = Debug|x64
		{421830ED-F794-4C33-9FA2-933FEC5BBD44}.Debug|x64.Build.0 = Debug|x64
		{421830ED-F794-4C33-9FA2-933FEC5BBD44}.Debug|x86.ActiveCfg = Debug|Win32
		{421830ED-F794-4C33-9FA2-933FEC5BBD44}.Debug|x86.Build.0 = Debug|Win32
		{421830ED-F794-4C33-9FA2-933FEC5BBD44}.Release|x64.ActiveCfg = Release|x64
		{421830ED-F794-4C33-9FA2-933FEC5BBD44}.Release|x64.Build.0 = Release|x64
		{421830ED-F794-4C33-9FA2-933FEC5BBD44}.Release|x86.ActiveCfg = Release|Win32
		{421830ED-F794-4C33-9FA2-933FEC5BBD44}.Release|x86.Build.0 = Release|Win32
		{B8F126CB-7B7F-4DCF-9B93-1C0F02D51F21}.Debug|x64.ActiveCfg = Debug|x64
		{B8F126CB-7B7F-4DCF-9B93-1C0F02D51F21}.Debug|x64.Build.0 = Debug|x64
		{B8F126CB-7B7F-4DCF-9B93-1C0F02D51F21}.Debug|x86.ActiveCfg = Debug|Win32
		{B8F126CB-7B7F-4DCF-9B93-1C0F02D51F21}.Debug|x86.Build.0 = Debug|Win32
		{B8F126CB-7B7F-4DCF-9B93-1C0F02D51F21}.Release|x64.ActiveCfg = Release|x64
		{B8F126CB-7B7F-4DCF-9B93-1C0F02D51F21}.Release|x64.Build.0 = Release|x64
		{B8F126CB-7B7F-4DCF-9B93-1C0F02D51F21}.Release|x86.ActiveCfg = Release|Win32
		{B8F126CB-7B7F-4DCF-9B93-1C0F02D51F21}.Release|x86.Build.0 = Release|Win32
		{036BA3C8-1880-4A6A-86F2-F0A4A72BC632}.Debug|x64.ActiveCfg = Debug|x64
		{036BA3C8-1880-4A6A-86F2-F0A4A72BC632}.Debug|x64.Build.0 = Debug|x64
		{036BA3C8-1880-4A6A-86F2-F0A4A72BC632}.Debug|x86.ActiveCfg = Debug|Win32
		{036BA3C8-1880-4A6A-86F2-F0A4A72BC632}.Debug|x86.Build.0 = Debug|Win32
		{036BA3C8-1880-4A6A-86F2-F0A4A72BC632}.Release|x64.ActiveCfg = Release|x64
		{036BA3C8-1880-4A6A-86F2-F0A4A72BC632}.Release|x64.Build.0 = Release|x64
		{036BA3C8-1880-4A6A-86F2-F0A4A72BC632}.Release|x86.ActiveCfg = Release|Win32
		{036BA3C8-1880-4A6A-86F2-F0A4A72BC632}.Release|x86.Build.0 = Release|Win32
	EndGlobalSection
	GlobalSection(SolutionProperties) = preSolution
		HideSolutionNode = FALSE
	EndGlobalSection
	GlobalSection(ExtensibilityGlobals) = postSolution
		SolutionGuid = {61A4D047-A35F-49C9-BF2A-790D77DAE526}
	EndGlobalSection
EndGlobal
